dependencies:
- name: postgresql
  repository: https://charts.bitnami.com/bitnami
  version: 12.0.1
- name: redis
  repository: https://charts.bitnami.com/bitnami
  version: 17.3.10
- name: ingress-nginx
  repository: https://kubernetes.github.io/ingress-nginx
  version: 4.4.0
digest: sha256:29548e2e79bbeefdee4b901ffe96348e14a20c181eed37d0377be38da4486e17
generated: "2022-11-14T14:13:32.786225261Z"
